
Microsoft Visual Studio Solution File, Format Version 12.00
# Visual Studio Version 17
VisualStudioVersion = 17.3.32901.215
MinimumVisualStudioVersion = 10.0.40219.1
Project("{9A19103F-16F7-4668-BE54-9A1E7A4F7556}") = "Krebsregister", "Krebsregister\Krebsregister.csproj", "{AFE35045-351C-4DB7-A39E-C38AF222C201}"
EndProject
Project("{2150E333-8FDC-42A3-9474-1A3956D46DE8}") = "Solution Items", "Solution Items", "{19F4F4E6-C418-4B58-BDD3-CC8BE3DA3E87}"
EndProject
Global
	GlobalSection(SolutionConfigurationPlatforms) = preSolution
		Debug|Any CPU = Debug|Any CPU
		Release|Any CPU = Release|Any CPU
	EndGlobalSection
	GlobalSection(ProjectConfigurationPlatforms) = postSolution
		{AFE35045-351C-4DB7-A39E-C38AF222C201}.Debug|Any CPU.ActiveCfg = Debug|Any CPU
		{AFE35045-351C-4DB7-A39E-C38AF222C201}.Debug|Any CPU.Build.0 = Debug|Any CPU
		{AFE35045-351C-4DB7-A39E-C38AF222C201}.Release|Any CPU.ActiveCfg = Release|Any CPU
		{AFE35045-351C-4DB7-A39E-C38AF222C201}.Release|Any CPU.Build.0 = Release|Any CPU
	EndGlobalSection
	GlobalSection(SolutionProperties) = preSolution
		HideSolutionNode = FALSE
	EndGlobalSection
	GlobalSection(ExtensibilityGlobals) = postSolution
		SolutionGuid = {DC9F99DF-2FF5-4E60-A002-E4B87809FCA4}
	EndGlobalSection
EndGlobal
